
Microsoft Visual Studio Solution File, Format Version 12.00
# Visual Studio Version 17
VisualStudioVersion = 17.5.33516.290
MinimumVisualStudioVersion = 10.0.40219.1
Project("{FAE04EC0-301F-11D3-BF4B-00C04F79EFBC}") = "app_interface", "app_interface\app_interface.csproj", "{E792FD91-C82E-424E-9C72-8685928F6392}"
	ProjectSection(ProjectDependencies) = postProject
		{8FA0DBD2-65DE-4459-8907-CEE7F5F6B900} = {8FA0DBD2-65DE-4459-8907-CEE7F5F6B900}
	EndProjectSection
EndProject
Project("{2150E333-8FDC-42A3-9474-1A3956D46DE8}") = "Solution Items", "Solution Items", "{8C4E1942-7E6D-4B7E-893E-E76300193019}"
	ProjectSection(SolutionItems) = preProject
		.editorconfig = .editorconfig
	EndProjectSection
EndProject
Project("{FAE04EC0-301F-11D3-BF4B-00C04F79EFBC}") = "login_registration", "login_registration\login_registration.csproj", "{8FA0DBD2-65DE-4459-8907-CEE7F5F6B900}"
EndProject
Global
	GlobalSection(SolutionConfigurationPlatforms) = preSolution
		Debug|Any CPU = Debug|Any CPU
		Release|Any CPU = Release|Any CPU
	EndGlobalSection
	GlobalSection(ProjectConfigurationPlatforms) = postSolution
		{E792FD91-C82E-424E-9C72-8685928F6392}.Debug|Any CPU.ActiveCfg = Debug|Any CPU
		{E792FD91-C82E-424E-9C72-8685928F6392}.Debug|Any CPU.Build.0 = Debug|Any CPU
		{E792FD91-C82E-424E-9C72-8685928F6392}.Release|Any CPU.ActiveCfg = Release|Any CPU
		{E792FD91-C82E-424E-9C72-8685928F6392}.Release|Any CPU.Build.0 = Release|Any CPU
		{8FA0DBD2-65DE-4459-8907-CEE7F5F6B900}.Debug|Any CPU.ActiveCfg = Debug|Any CPU
		{8FA0DBD2-65DE-4459-8907-CEE7F5F6B900}.Debug|Any CPU.Build.0 = Debug|Any CPU
		{8FA0DBD2-65DE-4459-8907-CEE7F5F6B900}.Release|Any CPU.ActiveCfg = Release|Any CPU
		{8FA0DBD2-65DE-4459-8907-CEE7F5F6B900}.Release|Any CPU.Build.0 = Release|Any CPU
	EndGlobalSection
	GlobalSection(SolutionProperties) = preSolution
		HideSolutionNode = FALSE
	EndGlobalSection
	GlobalSection(ExtensibilityGlobals) = postSolution
		SolutionGuid = {8E2B9006-8D92-4B1D-A534-3095ED425563}
	EndGlobalSection
EndGlobal
